
Microsoft Visual Studio Solution File, Format Version 12.00
# Visual Studio Version 17
VisualStudioVersion = 17.7.34031.279
MinimumVisualStudioVersion = 10.0.40219.1
Project("{FAE04EC0-301F-11D3-BF4B-00C04F79EFBC}") = "2023_6_C#Project", "2023_6_C#Project\2023_6_C#Project.csproj", "{82277C81-2786-4849-A12B-CD86BC4E6C96}"
EndProject
Global
	GlobalSection(SolutionConfigurationPlatforms) = preSolution
		Debug|Any CPU = Debug|Any CPU
		Release|Any CPU = Release|Any CPU
	EndGlobalSection
	GlobalSection(ProjectConfigurationPlatforms) = postSolution
		{82277C81-2786-4849-A12B-CD86BC4E6C96}.Debug|Any CPU.ActiveCfg = Debug|Any CPU
		{82277C81-2786-4849-A12B-CD86BC4E6C96}.Debug|Any CPU.Build.0 = Debug|Any CPU
		{82277C81-2786-4849-A12B-CD86BC4E6C96}.Release|Any CPU.ActiveCfg = Release|Any CPU
		{82277C81-2786-4849-A12B-CD86BC4E6C96}.Release|Any CPU.Build.0 = Release|Any CPU
	EndGlobalSection
	GlobalSection(SolutionProperties) = preSolution
		HideSolutionNode = FALSE
	EndGlobalSection
	GlobalSection(ExtensibilityGlobals) = postSolution
		SolutionGuid = {9150C3B6-6D5E-4168-B74A-86C1FE8F0AEC}
	EndGlobalSection
EndGlobal
